// !$*UTF8*$!
{
	archiveVersion = 1;
	classes = {
	};
	objectVersion = 55;
	objects = {

/* Begin PBXBuildFile section */
		CF93770428A27D4E00214B9A /* AppDelegate.swift in Sources */ = {isa = PBXBuildFile; fileRef = CF93770328A27D4E00214B9A /* AppDelegate.swift */; };
		CF93770628A27D4E00214B9A /* SceneDelegate.swift in Sources */ = {isa = PBXBuildFile; fileRef = CF93770528A27D4E00214B9A /* SceneDelegate.swift */; };
		CF93770828A27D4E00214B9A /* ViewController.swift in Sources */ = {isa = PBXBuildFile; fileRef = CF93770728A27D4E00214B9A /* ViewController.swift */; };
		CF93770B28A27D4E00214B9A /* Main.storyboard in Resources */ = {isa = PBXBuildFile; fileRef = CF93770928A27D4E00214B9A /* Main.storyboard */; };
		CF93770D28A27D4E00214B9A /* Assets.xcassets in Resources */ = {isa = PBXBuildFile; fileRef = CF93770C28A27D4E00214B9A /* Assets.xcassets */; };
		CF93771028A27D4E00214B9A /* LaunchScreen.storyboard in Resources */ = {isa = PBXBuildFile; fileRef = CF93770E28A27D4E00214B9A /* LaunchScreen.storyboard */; };
		CF93771B28A27D4E00214B9A /* PhotoCollectionAndSaliencyTests.swift in Sources */ = {isa = PBXBuildFile; fileRef = CF93771A28A27D4E00214B9A /* PhotoCollectionAndSaliencyTests.swift */; };
		CF93772528A27D4E00214B9A /* PhotoCollectionAndSaliencyUITests.swift in Sources */ = {isa = PBXBuildFile; fileRef = CF93772428A27D4E00214B9A /* PhotoCollectionAndSaliencyUITests.swift */; };
		CF93772728A27D4E00214B9A /* PhotoCollectionAndSaliencyUITestsLaunchTests.swift in Sources */ = {isa = PBXBuildFile; fileRef = CF93772628A27D4E00214B9A /* PhotoCollectionAndSaliencyUITestsLaunchTests.swift */; };
/* End PBXBuildFile section */

/* Begin PBXContainerItemProxy section */
		CF93771728A27D4E00214B9A /* PBXContainerItemProxy */ = {
			isa = PBXContainerItemProxy;
			containerPortal = CF9376F828A27D4E00214B9A /* Project object */;
			proxyType = 1;
			remoteGlobalIDString = CF9376FF28A27D4E00214B9A;
			remoteInfo = PhotoCollectionAndSaliency;
		};
		CF93772128A27D4E00214B9A /* PBXContainerItemProxy */ = {
			isa = PBXContainerItemProxy;
			containerPortal = CF9376F828A27D4E00214B9A /* Project object */;
			proxyType = 1;
			remoteGlobalIDString = CF9376FF28A27D4E00214B9A;
			remoteInfo = PhotoCollectionAndSaliency;
		};
/* End PBXContainerItemProxy section */

/* Begin PBXFileReference section */
		CF93770028A27D4E00214B9A /* PhotoCollectionAndSaliency.app */ = {isa = PBXFileReference; explicitFileType = wrapper.application; includeInIndex = 0; path = PhotoCollectionAndSaliency.app; sourceTree = BUILT_PRODUCTS_DIR; };
		CF93770328A27D4E00214B9A /* AppDelegate.swift */ = {isa = PBXFileReference; lastKnownFileType = sourcecode.swift; path = AppDelegate.swift; sourceTree = "<group>"; };
		CF93770528A27D4E00214B9A /* SceneDelegate.swift */ = {isa = PBXFileReference; lastKnownFileType = sourcecode.swift; path = SceneDelegate.swift; sourceTree = "<group>"; };
		CF93770728A27D4E00214B9A /* ViewController.swift */ = {isa = PBXFileReference; lastKnownFileType = sourcecode.swift; path = ViewController.swift; sourceTree = "<group>"; };
		CF93770A28A27D4E00214B9A /* Base */ = {isa = PBXFileReference; lastKnownFileType = file.storyboard; name = Base; path = Base.lproj/Main.storyboard; sourceTree = "<group>"; };
		CF93770C28A27D4E00214B9A /* Assets.xcassets */ = {isa = PBXFileReference; lastKnownFileType = folder.assetcatalog; path = Assets.xcassets; sourceTree = "<group>"; };
		CF93770F28A27D4E00214B9A /* Base */ = {isa = PBXFileReference; lastKnownFileType = file.storyboard; name = Base; path = Base.lproj/LaunchScreen.storyboard; sourceTree = "<group>"; };
		CF93771128A27D4E00214B9A /* Info.plist */ = {isa = PBXFileReference; lastKnownFileType = text.plist.xml; path = Info.plist; sourceTree = "<group>"; };
		CF93771628A27D4E00214B9A /* PhotoCollectionAndSaliencyTests.xctest */ = {isa = PBXFileReference; explicitFileType = wrapper.cfbundle; includeInIndex = 0; path = PhotoCollectionAndSaliencyTests.xctest; sourceTree = BUILT_PRODUCTS_DIR; };
		CF93771A28A27D4E00214B9A /* PhotoCollectionAndSaliencyTests.swift */ = {isa = PBXFileReference; lastKnownFileType = sourcecode.swift; path = PhotoCollectionAndSaliencyTests.swift; sourceTree = "<group>"; };
		CF93772028A27D4E00214B9A /* PhotoCollectionAndSaliencyUITests.xctest */ = {isa = PBXFileReference; explicitFileType = wrapper.cfbundle; includeInIndex = 0; path = PhotoCollectionAndSaliencyUITests.xctest; sourceTree = BUILT_PRODUCTS_DIR; };
		CF93772428A27D4E00214B9A /* PhotoCollectionAndSaliencyUITests.swift */ = {isa = PBXFileReference; lastKnownFileType = sourcecode.swift; path = PhotoCollectionAndSaliencyUITests.swift; sourceTree = "<group>"; };
		CF93772628A27D4E00214B9A /* PhotoCollectionAndSaliencyUITestsLaunchTests.swift */ = {isa = PBXFileReference; lastKnownFileType = sourcecode.swift; path = PhotoCollectionAndSaliencyUITestsLaunchTests.swift; sourceTree = "<group>"; };
/* End PBXFileReference section */

/* Begin PBXFrameworksBuildPhase section */
		CF9376FD28A27D4E00214B9A /* Frameworks */ = {
			isa = PBXFrameworksBuildPhase;
			buildActionMask = 2147483647;
			files = (
			);
			runOnlyForDeploymentPostprocessing = 0;
		};
		CF93771328A27D4E00214B9A /* Frameworks */ = {
			isa = PBXFrameworksBuildPhase;
			buildActionMask = 2147483647;
			files = (
			);
			runOnlyForDeploymentPostprocessing = 0;
		};
		CF93771D28A27D4E00214B9A /* Frameworks */ = {
			isa = PBXFrameworksBuildPhase;
			buildActionMask = 2147483647;
			files = (
			);
			runOnlyForDeploymentPostprocessing = 0;
		};
/* End PBXFrameworksBuildPhase section */

/* Begin PBXGroup section */
		CF9376F728A27D4E00214B9A = {
			isa = PBXGroup;
			children = (
				CF93770228A27D4E00214B9A /* PhotoCollectionAndSaliency */,
				CF93771928A27D4E00214B9A /* PhotoCollectionAndSaliencyTests */,
				CF93772328A27D4E00214B9A /* PhotoCollectionAndSaliencyUITests */,
				CF93770128A27D4E00214B9A /* Products */,
			);
			sourceTree = "<group>";
		};
		CF93770128A27D4E00214B9A /* Products */ = {
			isa = PBXGroup;
			children = (
				CF93770028A27D4E00214B9A /* PhotoCollectionAndSaliency.app */,
				CF93771628A27D4E00214B9A /* PhotoCollectionAndSaliencyTests.xctest */,
				CF93772028A27D4E00214B9A /* PhotoCollectionAndSaliencyUITests.xctest */,
			);
			name = Products;
			sourceTree = "<group>";
		};
		CF93770228A27D4E00214B9A /* PhotoCollectionAndSaliency */ = {
			isa = PBXGroup;
			children = (
				CF93770328A27D4E00214B9A /* AppDelegate.swift */,
				CF93770528A27D4E00214B9A /* SceneDelegate.swift */,
				CF93770728A27D4E00214B9A /* ViewController.swift */,
				CF93770928A27D4E00214B9A /* Main.storyboard */,
				CF93770C28A27D4E00214B9A /* Assets.xcassets */,
				CF93770E28A27D4E00214B9A /* LaunchScreen.storyboard */,
				CF93771128A27D4E00214B9A /* Info.plist */,
			);
			path = PhotoCollectionAndSaliency;
			sourceTree = "<group>";
		};
		CF93771928A27D4E00214B9A /* PhotoCollectionAndSaliencyTests */ = {
			isa = PBXGroup;
			children = (
				CF93771A28A27D4E00214B9A /* PhotoCollectionAndSaliencyTests.swift */,
			);
			path = PhotoCollectionAndSaliencyTests;
			sourceTree = "<group>";
		};
		CF93772328A27D4E00214B9A /* PhotoCollectionAndSaliencyUITests */ = {
			isa = PBXGroup;
			children = (
				CF93772428A27D4E00214B9A /* PhotoCollectionAndSaliencyUITests.swift */,
				CF93772628A27D4E00214B9A /* PhotoCollectionAndSaliencyUITestsLaunchTests.swift */,
			);
			path = PhotoCollectionAndSaliencyUITests;
			sourceTree = "<group>";
		};
/* End PBXGroup section */

/* Begin PBXNativeTarget section */
		CF9376FF28A27D4E00214B9A /* PhotoCollectionAndSaliency */ = {
			isa = PBXNativeTarget;
			buildConfigurationList = CF93772A28A27D4E00214B9A /* Build configuration list for PBXNativeTarget "PhotoCollectionAndSaliency" */;
			buildPhases = (
				CF9376FC28A27D4E00214B9A /* Sources */,
				CF9376FD28A27D4E00214B9A /* Frameworks */,
				CF9376FE28A27D4E00214B9A /* Resources */,
			);
			buildRules = (
			);
			dependencies = (
			);
			name = PhotoCollectionAndSaliency;
			productName = PhotoCollectionAndSaliency;
			productReference = CF93770028A27D4E00214B9A /* PhotoCollectionAndSaliency.app */;
			productType = "com.apple.product-type.application";
		};
		CF93771528A27D4E00214B9A /* PhotoCollectionAndSaliencyTests */ = {
			isa = PBXNativeTarget;
			buildConfigurationList = CF93772D28A27D4E00214B9A /* Build configuration list for PBXNativeTarget "PhotoCollectionAndSaliencyTests" */;
			buildPhases = (
				CF93771228A27D4E00214B9A /* Sources */,
				CF93771328A27D4E00214B9A /* Frameworks */,
				CF93771428A27D4E00214B9A /* Resources */,
			);
			buildRules = (
			);
			dependencies = (
				CF93771828A27D4E00214B9A /* PBXTargetDependency */,
			);
			name = PhotoCollectionAndSaliencyTests;
			productName = PhotoCollectionAndSaliencyTests;
			productReference = CF93771628A27D4E00214B9A /* PhotoCollectionAndSaliencyTests.xctest */;
			productType = "com.apple.product-type.bundle.unit-test";
		};
		CF93771F28A27D4E00214B9A /* PhotoCollectionAndSaliencyUITests */ = {
			isa = PBXNativeTarget;
			buildConfigurationList = CF93773028A27D4E00214B9A /* Build configuration list for PBXNativeTarget "PhotoCollectionAndSaliencyUITests" */;
			buildPhases = (
				CF93771C28A27D4E00214B9A /* Sources */,
				CF93771D28A27D4E00214B9A /* Frameworks */,
				CF93771E28A27D4E00214B9A /* Resources */,
			);
			buildRules = (
			);
			dependencies = (
				CF93772228A27D4E00214B9A /* PBXTargetDependency */,
			);
			name = PhotoCollectionAndSaliencyUITests;
			productName = PhotoCollectionAndSaliencyUITests;
			productReference = CF93772028A27D4E00214B9A /* PhotoCollectionAndSaliencyUITests.xctest */;
			productType = "com.apple.product-type.bundle.ui-testing";
		};
/* End PBXNativeTarget section */

/* Begin PBXProject section */
		CF9376F828A27D4E00214B9A /* Project object */ = {
			isa = PBXProject;
			attributes = {
				BuildIndependentTargetsInParallel = 1;
				LastSwiftUpdateCheck = 1340;
				LastUpgradeCheck = 1340;
				TargetAttributes = {
					CF9376FF28A27D4E00214B9A = {
						CreatedOnToolsVersion = 13.4.1;
					};
					CF93771528A27D4E00214B9A = {
						CreatedOnToolsVersion = 13.4.1;
						TestTargetID = CF9376FF28A27D4E00214B9A;
					};
					CF93771F28A27D4E00214B9A = {
						CreatedOnToolsVersion = 13.4.1;
						TestTargetID = CF9376FF28A27D4E00214B9A;
					};
				};
			};
			buildConfigurationList = CF9376FB28A27D4E00214B9A /* Build configuration list for PBXProject "PhotoCollectionAndSaliency" */;
			compatibilityVersion = "Xcode 13.0";
			developmentRegion = en;
			hasScannedForEncodings = 0;
			knownRegions = (
				en,
				Base,
			);
			mainGroup = CF9376F728A27D4E00214B9A;
			productRefGroup = CF93770128A27D4E00214B9A /* Products */;
			projectDirPath = "";
			projectRoot = "";
			targets = (
				CF9376FF28A27D4E00214B9A /* PhotoCollectionAndSaliency */,
				CF93771528A27D4E00214B9A /* PhotoCollectionAndSaliencyTests */,
				CF93771F28A27D4E00214B9A /* PhotoCollectionAndSaliencyUITests */,
			);
		};
/* End PBXProject section */

/* Begin PBXResourcesBuildPhase section */
		CF9376FE28A27D4E00214B9A /* Resources */ = {
			isa = PBXResourcesBuildPhase;
			buildActionMask = 2147483647;
			files = (
				CF93771028A27D4E00214B9A /* LaunchScreen.storyboard in Resources */,
				CF93770D28A27D4E00214B9A /* Assets.xcassets in Resources */,
				CF93770B28A27D4E00214B9A /* Main.storyboard in Resources */,
			);
			runOnlyForDeploymentPostprocessing = 0;
		};
		CF93771428A27D4E00214B9A /* Resources */ = {
			isa = PBXResourcesBuildPhase;
			buildActionMask = 2147483647;
			files = (
			);
			runOnlyForDeploymentPostprocessing = 0;
		};
		CF93771E28A27D4E00214B9A /* Resources */ = {
			isa = PBXResourcesBuildPhase;
			buildActionMask = 2147483647;
			files = (
			);
			runOnlyForDeploymentPostprocessing = 0;
		};
/* End PBXResourcesBuildPhase section */

/* Begin PBXSourcesBuildPhase section */
		CF9376FC28A27D4E00214B9A /* Sources */ = {
			isa = PBXSourcesBuildPhase;
			buildActionMask = 2147483647;
			files = (
				CF93770828A27D4E00214B9A /* ViewController.swift in Sources */,
				CF93770428A27D4E00214B9A /* AppDelegate.swift in Sources */,
				CF93770628A27D4E00214B9A /* SceneDelegate.swift in Sources */,
			);
			runOnlyForDeploymentPostprocessing = 0;
		};
		CF93771228A27D4E00214B9A /* Sources */ = {
			isa = PBXSourcesBuildPhase;
			buildActionMask = 2147483647;
			files = (
				CF93771B28A27D4E00214B9A /* PhotoCollectionAndSaliencyTests.swift in Sources */,
			);
			runOnlyForDeploymentPostprocessing = 0;
		};
		CF93771C28A27D4E00214B9A /* Sources */ = {
			isa = PBXSourcesBuildPhase;
			buildActionMask = 2147483647;
			files = (
				CF93772528A27D4E00214B9A /* PhotoCollectionAndSaliencyUITests.swift in Sources */,
				CF93772728A27D4E00214B9A /* PhotoCollectionAndSaliencyUITestsLaunchTests.swift in Sources */,
			);
			runOnlyForDeploymentPostprocessing = 0;
		};
/* End PBXSourcesBuildPhase section */

/* Begin PBXTargetDependency section */
		CF93771828A27D4E00214B9A /* PBXTargetDependency */ = {
			isa = PBXTargetDependency;
			target = CF9376FF28A27D4E00214B9A /* PhotoCollectionAndSaliency */;
			targetProxy = CF93771728A27D4E00214B9A /* PBXContainerItemProxy */;
		};
		CF93772228A27D4E00214B9A /* PBXTargetDependency */ = {
			isa = PBXTargetDependency;
			target = CF9376FF28A27D4E00214B9A /* PhotoCollectionAndSaliency */;
			targetProxy = CF93772128A27D4E00214B9A /* PBXContainerItemProxy */;
		};
/* End PBXTargetDependency section */

/* Begin PBXVariantGroup section */
		CF93770928A27D4E00214B9A /* Main.storyboard */ = {
			isa = PBXVariantGroup;
			children = (
				CF93770A28A27D4E00214B9A /* Base */,
			);
			name = Main.storyboard;
			sourceTree = "<group>";
		};
		CF93770E28A27D4E00214B9A /* LaunchScreen.storyboard */ = {
			isa = PBXVariantGroup;
			children = (
				CF93770F28A27D4E00214B9A /* Base */,
			);
			name = LaunchScreen.storyboard;
			sourceTree = "<group>";
		};
/* End PBXVariantGroup section */

/* Begin XCBuildConfiguration section */
		CF93772828A27D4E00214B9A /* Debug */ = {
			isa = XCBuildConfiguration;
			buildSettings = {
				ALWAYS_SEARCH_USER_PATHS = NO;
				CLANG_ANALYZER_NONNULL = YES;
				CLANG_ANALYZER_NUMBER_OBJECT_CONVERSION = YES_AGGRESSIVE;
				CLANG_CXX_LANGUAGE_STANDARD = "gnu++17";
				CLANG_ENABLE_MODULES = YES;
				CLANG_ENABLE_OBJC_ARC = YES;
				CLANG_ENABLE_OBJC_WEAK = YES;
				CLANG_WARN_BLOCK_CAPTURE_AUTORELEASING = YES;
				CLANG_WARN_BOOL_CONVERSION = YES;
				CLANG_WARN_COMMA = YES;
				CLANG_WARN_CONSTANT_CONVERSION = YES;
				CLANG_WARN_DEPRECATED_OBJC_IMPLEMENTATIONS = YES;
				CLANG_WARN_DIRECT_OBJC_ISA_USAGE = YES_ERROR;
				CLANG_WARN_DOCUMENTATION_COMMENTS = YES;
				CLANG_WARN_EMPTY_BODY = YES;
				CLANG_WARN_ENUM_CONVERSION = YES;
				CLANG_WARN_INFINITE_RECURSION = YES;
				CLANG_WARN_INT_CONVERSION = YES;
				CLANG_WARN_NON_LITERAL_NULL_CONVERSION = YES;
				CLANG_WARN_OBJC_IMPLICIT_RETAIN_SELF = YES;
				CLANG_WARN_OBJC_LITERAL_CONVERSION = YES;
				CLANG_WARN_OBJC_ROOT_CLASS = YES_ERROR;
				CLANG_WARN_QUOTED_INCLUDE_IN_FRAMEWORK_HEADER = YES;
				CLANG_WARN_RANGE_LOOP_ANALYSIS = YES;
				CLANG_WARN_STRICT_PROTOTYPES = YES;
				CLANG_WARN_SUSPICIOUS_MOVE = YES;
				CLANG_WARN_UNGUARDED_AVAILABILITY = YES_AGGRESSIVE;
				CLANG_WARN_UNREACHABLE_CODE = YES;
				CLANG_WARN__DUPLICATE_METHOD_MATCH = YES;
				COPY_PHASE_STRIP = NO;
				DEBUG_INFORMATION_FORMAT = dwarf;
				ENABLE_STRICT_OBJC_MSGSEND = YES;
				ENABLE_TESTABILITY = YES;
				GCC_C_LANGUAGE_STANDARD = gnu11;
				GCC_DYNAMIC_NO_PIC = NO;
				GCC_NO_COMMON_BLOCKS = YES;
				GCC_OPTIMIZATION_LEVEL = 0;
				GCC_PREPROCESSOR_DEFINITIONS = (
					"DEBUG=1",
					"$(inherited)",
				);
				GCC_WARN_64_TO_32_BIT_CONVERSION = YES;
				GCC_WARN_ABOUT_RETURN_TYPE = YES_ERROR;
				GCC_WARN_UNDECLARED_SELECTOR = YES;
				GCC_WARN_UNINITIALIZED_AUTOS = YES_AGGRESSIVE;
				GCC_WARN_UNUSED_FUNCTION = YES;
				GCC_WARN_UNUSED_VARIABLE = YES;
				IPHONEOS_DEPLOYMENT_TARGET = 15.5;
				MTL_ENABLE_DEBUG_INFO = INCLUDE_SOURCE;
				MTL_FAST_MATH = YES;
				ONLY_ACTIVE_ARCH = YES;
				SDKROOT = iphoneos;
				SWIFT_ACTIVE_COMPILATION_CONDITIONS = DEBUG;
				SWIFT_OPTIMIZATION_LEVEL = "-Onone";
			};
			name = Debug;
		};
		CF93772928A27D4E00214B9A /* Release */ = {
			isa = XCBuildConfiguration;
			buildSettings = {
				ALWAYS_SEARCH_USER_PATHS = NO;
				CLANG_ANALYZER_NONNULL = YES;
				CLANG_ANALYZER_NUMBER_OBJECT_CONVERSION = YES_AGGRESSIVE;
				CLANG_CXX_LANGUAGE_STANDARD = "gnu++17";
				CLANG_ENABLE_MODULES = YES;
				CLANG_ENABLE_OBJC_ARC = YES;
				CLANG_ENABLE_OBJC_WEAK = YES;
				CLANG_WARN_BLOCK_CAPTURE_AUTORELEASING = YES;
				CLANG_WARN_BOOL_CONVERSION = YES;
				CLANG_WARN_COMMA = YES;
				CLANG_WARN_CONSTANT_CONVERSION = YES;
				CLANG_WARN_DEPRECATED_OBJC_IMPLEMENTATIONS = YES;
				CLANG_WARN_DIRECT_OBJC_ISA_USAGE = YES_ERROR;
				CLANG_WARN_DOCUMENTATION_COMMENTS = YES;
				CLANG_WARN_EMPTY_BODY = YES;
				CLANG_WARN_ENUM_CONVERSION = YES;
				CLANG_WARN_INFINITE_RECURSION = YES;
				CLANG_WARN_INT_CONVERSION = YES;
				CLANG_WARN_NON_LITERAL_NULL_CONVERSION = YES;
				CLANG_WARN_OBJC_IMPLICIT_RETAIN_SELF = YES;
				CLANG_WARN_OBJC_LITERAL_CONVERSION = YES;
				CLANG_WARN_OBJC_ROOT_CLASS = YES_ERROR;
				CLANG_WARN_QUOTED_INCLUDE_IN_FRAMEWORK_HEADER = YES;
				CLANG_WARN_RANGE_LOOP_ANALYSIS = YES;
				CLANG_WARN_STRICT_PROTOTYPES = YES;
				CLANG_WARN_SUSPICIOUS_MOVE = YES;
				CLANG_WARN_UNGUARDED_AVAILABILITY = YES_AGGRESSIVE;
				CLANG_WARN_UNREACHABLE_CODE = YES;
				CLANG_WARN__DUPLICATE_METHOD_MATCH = YES;
				COPY_PHASE_STRIP = NO;
				DEBUG_INFORMATION_FORMAT = "dwarf-with-dsym";
				ENABLE_NS_ASSERTIONS = NO;
				ENABLE_STRICT_OBJC_MSGSEND = YES;
				GCC_C_LANGUAGE_STANDARD = gnu11;
				GCC_NO_COMMON_BLOCKS = YES;
				GCC_WARN_64_TO_32_BIT_CONVERSION = YES;
				GCC_WARN_ABOUT_RETURN_TYPE = YES_ERROR;
				GCC_WARN_UNDECLARED_SELECTOR = YES;
				GCC_WARN_UNINITIALIZED_AUTOS = YES_AGGRESSIVE;
				GCC_WARN_UNUSED_FUNCTION = YES;
				GCC_WARN_UNUSED_VARIABLE = YES;
				IPHONEOS_DEPLOYMENT_TARGET = 15.5;
				MTL_ENABLE_DEBUG_INFO = NO;
				MTL_FAST_MATH = YES;
				SDKROOT = iphoneos;
				SWIFT_COMPILATION_MODE = wholemodule;
				SWIFT_OPTIMIZATION_LEVEL = "-O";
				VALIDATE_PRODUCT = YES;
			};
			name = Release;
		};
		CF93772B28A27D4E00214B9A /* Debug */ = {
			isa = XCBuildConfiguration;
			buildSettings = {
				ASSETCATALOG_COMPILER_APPICON_NAME = AppIcon;
				ASSETCATALOG_COMPILER_GLOBAL_ACCENT_COLOR_NAME = AccentColor;
				CODE_SIGN_STYLE = Automatic;
				CURRENT_PROJECT_VERSION = 1;
				DEVELOPMENT_TEAM = 77622V66Z5;
				GENERATE_INFOPLIST_FILE = YES;
				INFOPLIST_FILE = PhotoCollectionAndSaliency/Info.plist;
				INFOPLIST_KEY_UIApplicationSupportsIndirectInputEvents = YES;
				INFOPLIST_KEY_UILaunchStoryboardName = LaunchScreen;
				INFOPLIST_KEY_UIMainStoryboardFile = Main;
				INFOPLIST_KEY_UISupportedInterfaceOrientations_iPad = "UIInterfaceOrientationPortrait UIInterfaceOrientationPortraitUpsideDown UIInterfaceOrientationLandscapeLeft UIInterfaceOrientationLandscapeRight";
				INFOPLIST_KEY_UISupportedInterfaceOrientations_iPhone = "UIInterfaceOrientationPortrait UIInterfaceOrientationLandscapeLeft UIInterfaceOrientationLandscapeRight";
				LD_RUNPATH_SEARCH_PATHS = (
					"$(inherited)",
					"@executable_path/Frameworks",
				);
				MARKETING_VERSION = 1.0;
				PRODUCT_BUNDLE_IDENTIFIER = com.goldena.PhotoCollectionAndSaliency;
				PRODUCT_NAME = "$(TARGET_NAME)";
				SWIFT_EMIT_LOC_STRINGS = YES;
				SWIFT_VERSION = 5.0;
				TARGETED_DEVICE_FAMILY = "1,2";
			};
			name = Debug;
		};
		CF93772C28A27D4E00214B9A /* Release */ = {
			isa = XCBuildConfiguration;
			buildSettings = {
				ASSETCATALOG_COMPILER_APPICON_NAME = AppIcon;
				ASSETCATALOG_COMPILER_GLOBAL_ACCENT_COLOR_NAME = AccentColor;
				CODE_SIGN_STYLE = Automatic;
				CURRENT_PROJECT_VERSION = 1;
				DEVELOPMENT_TEAM = 77622V66Z5;
				GENERATE_INFOPLIST_FILE = YES;
				INFOPLIST_FILE = PhotoCollectionAndSaliency/Info.plist;
				INFOPLIST_KEY_UIApplicationSupportsIndirectInputEvents = YES;
				INFOPLIST_KEY_UILaunchStoryboardName = LaunchScreen;
				INFOPLIST_KEY_UIMainStoryboardFile = Main;
				INFOPLIST_KEY_UISupportedInterfaceOrientations_iPad = "UIInterfaceOrientationPortrait UIInterfaceOrientationPortraitUpsideDown UIInterfaceOrientationLandscapeLeft UIInterfaceOrientationLandscapeRight";
				INFOPLIST_KEY_UISupportedInterfaceOrientations_iPhone = "UIInterfaceOrientationPortrait UIInterfaceOrientationLandscapeLeft UIInterfaceOrientationLandscapeRight";
				LD_RUNPATH_SEARCH_PATHS = (
					"$(inherited)",
					"@executable_path/Frameworks",
				);
				MARKETING_VERSION = 1.0;
				PRODUCT_BUNDLE_IDENTIFIER = com.goldena.PhotoCollectionAndSaliency;
				PRODUCT_NAME = "$(TARGET_NAME)";
				SWIFT_EMIT_LOC_STRINGS = YES;
				SWIFT_VERSION = 5.0;
				TARGETED_DEVICE_FAMILY = "1,2";
			};
			name = Release;
		};
		CF93772E28A27D4E00214B9A /* Debug */ = {
			isa = XCBuildConfiguration;
			buildSettings = {
				ALWAYS_EMBED_SWIFT_STANDARD_LIBRARIES = YES;
				BUNDLE_LOADER = "$(TEST_HOST)";
				CODE_SIGN_STYLE = Automatic;
				CURRENT_PROJECT_VERSION = 1;
				DEVELOPMENT_TEAM = 77622V66Z5;
				GENERATE_INFOPLIST_FILE = YES;
				IPHONEOS_DEPLOYMENT_TARGET = 15.5;
				MARKETING_VERSION = 1.0;
				PRODUCT_BUNDLE_IDENTIFIER = com.goldena.PhotoCollectionAndSaliencyTests;
				PRODUCT_NAME = "$(TARGET_NAME)";
				SWIFT_EMIT_LOC_STRINGS = NO;
				SWIFT_VERSION = 5.0;
				TARGETED_DEVICE_FAMILY = "1,2";
				TEST_HOST = "$(BUILT_PRODUCTS_DIR)/PhotoCollectionAndSaliency.app/PhotoCollectionAndSaliency";
			};
			name = Debug;
		};
		CF93772F28A27D4E00214B9A /* Release */ = {
			isa = XCBuildConfiguration;
			buildSettings = {
				ALWAYS_EMBED_SWIFT_STANDARD_LIBRARIES = YES;
				BUNDLE_LOADER = "$(TEST_HOST)";
				CODE_SIGN_STYLE = Automatic;
				CURRENT_PROJECT_VERSION = 1;
				DEVELOPMENT_TEAM = 77622V66Z5;
				GENERATE_INFOPLIST_FILE = YES;
				IPHONEOS_DEPLOYMENT_TARGET = 15.5;
				MARKETING_VERSION = 1.0;
				PRODUCT_BUNDLE_IDENTIFIER = com.goldena.PhotoCollectionAndSaliencyTests;
				PRODUCT_NAME = "$(TARGET_NAME)";
				SWIFT_EMIT_LOC_STRINGS = NO;
				SWIFT_VERSION = 5.0;
				TARGETED_DEVICE_FAMILY = "1,2";
				TEST_HOST = "$(BUILT_PRODUCTS_DIR)/PhotoCollectionAndSaliency.app/PhotoCollectionAndSaliency";
			};
			name = Release;
		};
		CF93773128A27D4E00214B9A /* Debug */ = {
			isa = XCBuildConfiguration;
			buildSettings = {
				ALWAYS_EMBED_SWIFT_STANDARD_LIBRARIES = YES;
				CODE_SIGN_STYLE = Automatic;
				CURRENT_PROJECT_VERSION = 1;
				DEVELOPMENT_TEAM = 77622V66Z5;
				GENERATE_INFOPLIST_FILE = YES;
				MARKETING_VERSION = 1.0;
				PRODUCT_BUNDLE_IDENTIFIER = com.goldena.PhotoCollectionAndSaliencyUITests;
				PRODUCT_NAME = "$(TARGET_NAME)";
				SWIFT_EMIT_LOC_STRINGS = NO;
				SWIFT_VERSION = 5.0;
				TARGETED_DEVICE_FAMILY = "1,2";
				TEST_TARGET_NAME = PhotoCollectionAndSaliency;
			};
			name = Debug;
		};
		CF93773228A27D4E00214B9A /* Release */ = {
			isa = XCBuildConfiguration;
			buildSettings = {
				ALWAYS_EMBED_SWIFT_STANDARD_LIBRARIES = YES;
				CODE_SIGN_STYLE = Automatic;
				CURRENT_PROJECT_VERSION = 1;
				DEVELOPMENT_TEAM = 77622V66Z5;
				GENERATE_INFOPLIST_FILE = YES;
				MARKETING_VERSION = 1.0;
				PRODUCT_BUNDLE_IDENTIFIER = com.goldena.PhotoCollectionAndSaliencyUITests;
				PRODUCT_NAME = "$(TARGET_NAME)";
				SWIFT_EMIT_LOC_STRINGS = NO;
				SWIFT_VERSION = 5.0;
				TARGETED_DEVICE_FAMILY = "1,2";
				TEST_TARGET_NAME = PhotoCollectionAndSaliency;
			};
			name = Release;
		};
/* End XCBuildConfiguration section */

/* Begin XCConfigurationList section */
		CF9376FB28A27D4E00214B9A /* Build configuration list for PBXProject "PhotoCollectionAndSaliency" */ = {
			isa = XCConfigurationList;
			buildConfigurations = (
				CF93772828A27D4E00214B9A /* Debug */,
				CF93772928A27D4E00214B9A /* Release */,
			);
			defaultConfigurationIsVisible = 0;
			defaultConfigurationName = Release;
		};
		CF93772A28A27D4E00214B9A /* Build configuration list for PBXNativeTarget "PhotoCollectionAndSaliency" */ = {
			isa = XCConfigurationList;
			buildConfigurations = (
				CF93772B28A27D4E00214B9A /* Debug */,
				CF93772C28A27D4E00214B9A /* Release */,
			);
			defaultConfigurationIsVisible = 0;
			defaultConfigurationName = Release;
		};
		CF93772D28A27D4E00214B9A /* Build configuration list for PBXNativeTarget "PhotoCollectionAndSaliencyTests" */ = {
			isa = XCConfigurationList;
			buildConfigurations = (
				CF93772E28A27D4E00214B9A /* Debug */,
				CF93772F28A27D4E00214B9A /* Release */,
			);
			defaultConfigurationIsVisible = 0;
			defaultConfigurationName = Release;
		};
		CF93773028A27D4E00214B9A /* Build configuration list for PBXNativeTarget "PhotoCollectionAndSaliencyUITests" */ = {
			isa = XCConfigurationList;
			buildConfigurations = (
				CF93773128A27D4E00214B9A /* Debug */,
				CF93773228A27D4E00214B9A /* Release */,
			);
			defaultConfigurationIsVisible = 0;
			defaultConfigurationName = Release;
		};
/* End XCConfigurationList section */
	};
	rootObject = CF9376F828A27D4E00214B9A /* Project object */;
}
